
Microsoft Visual Studio Solution File, Format Version 12.00
# Visual Studio Version 17
VisualStudioVersion = 17.7.34024.191
MinimumVisualStudioVersion = 10.0.40219.1
Project("{FAE04EC0-301F-11D3-BF4B-00C04F79EFBC}") = "dz3_z4", "dz3_z4.csproj", "{1FD334C4-5592-4387-B95F-C2344053967D}"
EndProject
Global
	GlobalSection(SolutionConfigurationPlatforms) = preSolution
		Debug|Any CPU = Debug|Any CPU
		Release|Any CPU = Release|Any CPU
	EndGlobalSection
	GlobalSection(ProjectConfigurationPlatforms) = postSolution
		{1FD334C4-5592-4387-B95F-C2344053967D}.Debug|Any CPU.ActiveCfg = Debug|Any CPU
		{1FD334C4-5592-4387-B95F-C2344053967D}.Debug|Any CPU.Build.0 = Debug|Any CPU
		{1FD334C4-5592-4387-B95F-C2344053967D}.Release|Any CPU.ActiveCfg = Release|Any CPU
		{1FD334C4-5592-4387-B95F-C2344053967D}.Release|Any CPU.Build.0 = Release|Any CPU
	EndGlobalSection
	GlobalSection(SolutionProperties) = preSolution
		HideSolutionNode = FALSE
	EndGlobalSection
	GlobalSection(ExtensibilityGlobals) = postSolution
		SolutionGuid = {57553A64-6000-41D5-84FD-79545D08B79C}
	EndGlobalSection
EndGlobal
